
Microsoft Visual Studio Solution File, Format Version 12.00
# Visual Studio Version 17
VisualStudioVersion = 17.1.32407.343
MinimumVisualStudioVersion = 10.0.40219.1
Project("{2150E333-8FDC-42A3-9474-1A3956D46DE8}") = "1_Presentation", "1_Presentation", "{044761D7-B42B-4BD2-989F-9E32B207F6FD}"
EndProject
Project("{2150E333-8FDC-42A3-9474-1A3956D46DE8}") = "2_Business", "2_Business", "{609C5DB8-E0D7-4819-9F48-5C36DA5EF416}"
EndProject
Project("{2150E333-8FDC-42A3-9474-1A3956D46DE8}") = "3_Data", "3_Data", "{C4B94757-9036-4B9F-9C0F-56D94CC06BBD}"
EndProject
Project("{9A19103F-16F7-4668-BE54-9A1E7A4F7556}") = "STM.DataAccess", "STM.DataAccess\STM.DataAccess.csproj", "{55139635-B9B7-4E36-BB9E-7AAF6AC9E817}"
EndProject
Project("{9A19103F-16F7-4668-BE54-9A1E7A4F7556}") = "STM.Entities", "STM.Entities\STM.Entities.csproj", "{97576FDF-FA33-47B2-B063-B90884B9486C}"
EndProject
Project("{9A19103F-16F7-4668-BE54-9A1E7A4F7556}") = "STM.Repositories", "STM.Repositories\STM.Repositories.csproj", "{6F26EC2D-E94F-4E18-83F2-B5BAC3F0708E}"
EndProject
Project("{9A19103F-16F7-4668-BE54-9A1E7A4F7556}") = "STM.DataTranferObjects", "STM.DataTranferObjects\STM.DataTranferObjects.csproj", "{18B4F1B5-4C1A-4D4C-A105-3BB032AC76B2}"
EndProject
Project("{9A19103F-16F7-4668-BE54-9A1E7A4F7556}") = "STM.Services", "STM.Services\STM.Services.csproj", "{5B579E9B-D2FC-494C-8A3D-086A94ED0D15}"
EndProject
Project("{9A19103F-16F7-4668-BE54-9A1E7A4F7556}") = "STM.Common", "STM.Common\STM.Common.csproj", "{1499BACF-F7C6-40FC-AA5F-FEF8EFCA8A89}"
EndProject
Project("{9A19103F-16F7-4668-BE54-9A1E7A4F7556}") = "STM.API", "STM.Internal\STM.API.csproj", "{20594DDA-3135-4030-AD20-5C9F59B9E608}"
EndProject
Project("{2150E333-8FDC-42A3-9474-1A3956D46DE8}") = "Solution Items", "Solution Items", "{98DF1899-2576-42A4-B6DC-728393F87799}"
EndProject
Global
	GlobalSection(SolutionConfigurationPlatforms) = preSolution
		Debug|Any CPU = Debug|Any CPU
		Release|Any CPU = Release|Any CPU
	EndGlobalSection
	GlobalSection(ProjectConfigurationPlatforms) = postSolution
		{55139635-B9B7-4E36-BB9E-7AAF6AC9E817}.Debug|Any CPU.ActiveCfg = Debug|Any CPU
		{55139635-B9B7-4E36-BB9E-7AAF6AC9E817}.Debug|Any CPU.Build.0 = Debug|Any CPU
		{55139635-B9B7-4E36-BB9E-7AAF6AC9E817}.Release|Any CPU.ActiveCfg = Release|Any CPU
		{55139635-B9B7-4E36-BB9E-7AAF6AC9E817}.Release|Any CPU.Build.0 = Release|Any CPU
		{97576FDF-FA33-47B2-B063-B90884B9486C}.Debug|Any CPU.ActiveCfg = Debug|Any CPU
		{97576FDF-FA33-47B2-B063-B90884B9486C}.Debug|Any CPU.Build.0 = Debug|Any CPU
		{97576FDF-FA33-47B2-B063-B90884B9486C}.Release|Any CPU.ActiveCfg = Release|Any CPU
		{97576FDF-FA33-47B2-B063-B90884B9486C}.Release|Any CPU.Build.0 = Release|Any CPU
		{6F26EC2D-E94F-4E18-83F2-B5BAC3F0708E}.Debug|Any CPU.ActiveCfg = Debug|Any CPU
		{6F26EC2D-E94F-4E18-83F2-B5BAC3F0708E}.Debug|Any CPU.Build.0 = Debug|Any CPU
		{6F26EC2D-E94F-4E18-83F2-B5BAC3F0708E}.Release|Any CPU.ActiveCfg = Release|Any CPU
		{6F26EC2D-E94F-4E18-83F2-B5BAC3F0708E}.Release|Any CPU.Build.0 = Release|Any CPU
		{18B4F1B5-4C1A-4D4C-A105-3BB032AC76B2}.Debug|Any CPU.ActiveCfg = Debug|Any CPU
		{18B4F1B5-4C1A-4D4C-A105-3BB032AC76B2}.Debug|Any CPU.Build.0 = Debug|Any CPU
		{18B4F1B5-4C1A-4D4C-A105-3BB032AC76B2}.Release|Any CPU.ActiveCfg = Release|Any CPU
		{18B4F1B5-4C1A-4D4C-A105-3BB032AC76B2}.Release|Any CPU.Build.0 = Release|Any CPU
		{5B579E9B-D2FC-494C-8A3D-086A94ED0D15}.Debug|Any CPU.ActiveCfg = Debug|Any CPU
		{5B579E9B-D2FC-494C-8A3D-086A94ED0D15}.Debug|Any CPU.Build.0 = Debug|Any CPU
		{5B579E9B-D2FC-494C-8A3D-086A94ED0D15}.Release|Any CPU.ActiveCfg = Release|Any CPU
		{5B579E9B-D2FC-494C-8A3D-086A94ED0D15}.Release|Any CPU.Build.0 = Release|Any CPU
		{1499BACF-F7C6-40FC-AA5F-FEF8EFCA8A89}.Debug|Any CPU.ActiveCfg = Debug|Any CPU
		{1499BACF-F7C6-40FC-AA5F-FEF8EFCA8A89}.Debug|Any CPU.Build.0 = Debug|Any CPU
		{1499BACF-F7C6-40FC-AA5F-FEF8EFCA8A89}.Release|Any CPU.ActiveCfg = Release|Any CPU
		{1499BACF-F7C6-40FC-AA5F-FEF8EFCA8A89}.Release|Any CPU.Build.0 = Release|Any CPU
		{20594DDA-3135-4030-AD20-5C9F59B9E608}.Debug|Any CPU.ActiveCfg = Debug|Any CPU
		{20594DDA-3135-4030-AD20-5C9F59B9E608}.Debug|Any CPU.Build.0 = Debug|Any CPU
		{20594DDA-3135-4030-AD20-5C9F59B9E608}.Release|Any CPU.ActiveCfg = Release|Any CPU
		{20594DDA-3135-4030-AD20-5C9F59B9E608}.Release|Any CPU.Build.0 = Release|Any CPU
	EndGlobalSection
	GlobalSection(SolutionProperties) = preSolution
		HideSolutionNode = FALSE
	EndGlobalSection
	GlobalSection(NestedProjects) = preSolution
		{55139635-B9B7-4E36-BB9E-7AAF6AC9E817} = {C4B94757-9036-4B9F-9C0F-56D94CC06BBD}
		{97576FDF-FA33-47B2-B063-B90884B9486C} = {C4B94757-9036-4B9F-9C0F-56D94CC06BBD}
		{6F26EC2D-E94F-4E18-83F2-B5BAC3F0708E} = {C4B94757-9036-4B9F-9C0F-56D94CC06BBD}
		{18B4F1B5-4C1A-4D4C-A105-3BB032AC76B2} = {609C5DB8-E0D7-4819-9F48-5C36DA5EF416}
		{5B579E9B-D2FC-494C-8A3D-086A94ED0D15} = {609C5DB8-E0D7-4819-9F48-5C36DA5EF416}
		{1499BACF-F7C6-40FC-AA5F-FEF8EFCA8A89} = {609C5DB8-E0D7-4819-9F48-5C36DA5EF416}
		{20594DDA-3135-4030-AD20-5C9F59B9E608} = {044761D7-B42B-4BD2-989F-9E32B207F6FD}
	EndGlobalSection
	GlobalSection(ExtensibilityGlobals) = postSolution
		SolutionGuid = {83205B8B-2788-466E-8E09-5205BCA1F485}
	EndGlobalSection
EndGlobal
